
Microsoft Visual Studio Solution File, Format Version 12.00
# Visual Studio Version 17
VisualStudioVersion = 17.5.33414.496
MinimumVisualStudioVersion = 10.0.40219.1
Project("{FAE04EC0-301F-11D3-BF4B-00C04F79EFBC}") = "ipnomicon", "ipnomicon.csproj", "{5C0DFC37-6E9A-4879-A1F3-7238ABC8748D}"
EndProject
Global
	GlobalSection(SolutionConfigurationPlatforms) = preSolution
		Debug|Any CPU = Debug|Any CPU
		Release|Any CPU = Release|Any CPU
	EndGlobalSection
	GlobalSection(ProjectConfigurationPlatforms) = postSolution
		{5C0DFC37-6E9A-4879-A1F3-7238ABC8748D}.Debug|Any CPU.ActiveCfg = Debug|Any CPU
		{5C0DFC37-6E9A-4879-A1F3-7238ABC8748D}.Debug|Any CPU.Build.0 = Debug|Any CPU
		{5C0DFC37-6E9A-4879-A1F3-7238ABC8748D}.Release|Any CPU.ActiveCfg = Release|Any CPU
		{5C0DFC37-6E9A-4879-A1F3-7238ABC8748D}.Release|Any CPU.Build.0 = Release|Any CPU
	EndGlobalSection
	GlobalSection(SolutionProperties) = preSolution
		HideSolutionNode = FALSE
	EndGlobalSection
	GlobalSection(ExtensibilityGlobals) = postSolution
		SolutionGuid = {6A4FC307-1FF5-4AFE-9723-394F26F65742}
	EndGlobalSection
EndGlobal
